// !$*UTF8*$!
{
	archiveVersion = 1;
	classes = {
	};
	objectVersion = 50;
	objects = {

/* Begin PBXBuildFile section */
		43C10E102249001A00F51E90 /* AppDelegate.swift in Sources */ = {isa = PBXBuildFile; fileRef = 43C10E0F2249001A00F51E90 /* AppDelegate.swift */; };
		43C10E122249001A00F51E90 /* GoalsVC.swift in Sources */ = {isa = PBXBuildFile; fileRef = 43C10E112249001A00F51E90 /* GoalsVC.swift */; };
		43C10E152249001A00F51E90 /* Main.storyboard in Resources */ = {isa = PBXBuildFile; fileRef = 43C10E132249001A00F51E90 /* Main.storyboard */; };
		43C10E182249001A00F51E90 /* Goal_post.xcdatamodeld in Sources */ = {isa = PBXBuildFile; fileRef = 43C10E162249001A00F51E90 /* Goal_post.xcdatamodeld */; };
		43C10E1A2249001C00F51E90 /* Assets.xcassets in Resources */ = {isa = PBXBuildFile; fileRef = 43C10E192249001C00F51E90 /* Assets.xcassets */; };
		43C10E1D2249001C00F51E90 /* LaunchScreen.storyboard in Resources */ = {isa = PBXBuildFile; fileRef = 43C10E1B2249001C00F51E90 /* LaunchScreen.storyboard */; };
		43C10E292249094D00F51E90 /* GoalCell.swift in Sources */ = {isa = PBXBuildFile; fileRef = 43C10E282249094D00F51E90 /* GoalCell.swift */; };
		43C10E2B224915D500F51E90 /* GoalType.swift in Sources */ = {isa = PBXBuildFile; fileRef = 43C10E2A224915D500F51E90 /* GoalType.swift */; };
		43C10E2F22491F1400F51E90 /* CreateGoalVC.swift in Sources */ = {isa = PBXBuildFile; fileRef = 43C10E2E22491F1400F51E90 /* CreateGoalVC.swift */; };
		43C10E312249386F00F51E90 /* UIViewControllerExt.swift in Sources */ = {isa = PBXBuildFile; fileRef = 43C10E302249386F00F51E90 /* UIViewControllerExt.swift */; };
		43C10E3322493ECC00F51E90 /* UIViewExt.swift in Sources */ = {isa = PBXBuildFile; fileRef = 43C10E3222493ECC00F51E90 /* UIViewExt.swift */; };
		43C10E352249462700F51E90 /* UIButtonExt.swift in Sources */ = {isa = PBXBuildFile; fileRef = 43C10E342249462700F51E90 /* UIButtonExt.swift */; };
		43C10E3722494AD000F51E90 /* FinishGoalVC.swift in Sources */ = {isa = PBXBuildFile; fileRef = 43C10E3622494AD000F51E90 /* FinishGoalVC.swift */; };
/* End PBXBuildFile section */

/* Begin PBXFileReference section */
		43C10E0C2249001A00F51E90 /* Goal post.app */ = {isa = PBXFileReference; explicitFileType = wrapper.application; includeInIndex = 0; path = "Goal post.app"; sourceTree = BUILT_PRODUCTS_DIR; };
		43C10E0F2249001A00F51E90 /* AppDelegate.swift */ = {isa = PBXFileReference; lastKnownFileType = sourcecode.swift; path = AppDelegate.swift; sourceTree = "<group>"; };
		43C10E112249001A00F51E90 /* GoalsVC.swift */ = {isa = PBXFileReference; lastKnownFileType = sourcecode.swift; path = GoalsVC.swift; sourceTree = "<group>"; };
		43C10E142249001A00F51E90 /* Base */ = {isa = PBXFileReference; lastKnownFileType = file.storyboard; name = Base; path = Base.lproj/Main.storyboard; sourceTree = "<group>"; };
		43C10E172249001A00F51E90 /* Goal_post.xcdatamodel */ = {isa = PBXFileReference; lastKnownFileType = wrapper.xcdatamodel; path = Goal_post.xcdatamodel; sourceTree = "<group>"; };
		43C10E192249001C00F51E90 /* Assets.xcassets */ = {isa = PBXFileReference; lastKnownFileType = folder.assetcatalog; path = Assets.xcassets; sourceTree = "<group>"; };
		43C10E1C2249001C00F51E90 /* Base */ = {isa = PBXFileReference; lastKnownFileType = file.storyboard; name = Base; path = Base.lproj/LaunchScreen.storyboard; sourceTree = "<group>"; };
		43C10E1E2249001C00F51E90 /* Info.plist */ = {isa = PBXFileReference; lastKnownFileType = text.plist.xml; path = Info.plist; sourceTree = "<group>"; };
		43C10E282249094D00F51E90 /* GoalCell.swift */ = {isa = PBXFileReference; lastKnownFileType = sourcecode.swift; path = GoalCell.swift; sourceTree = "<group>"; };
		43C10E2A224915D500F51E90 /* GoalType.swift */ = {isa = PBXFileReference; lastKnownFileType = sourcecode.swift; path = GoalType.swift; sourceTree = "<group>"; };
		43C10E2E22491F1400F51E90 /* CreateGoalVC.swift */ = {isa = PBXFileReference; lastKnownFileType = sourcecode.swift; path = CreateGoalVC.swift; sourceTree = "<group>"; };
		43C10E302249386F00F51E90 /* UIViewControllerExt.swift */ = {isa = PBXFileReference; lastKnownFileType = sourcecode.swift; path = UIViewControllerExt.swift; sourceTree = "<group>"; };
		43C10E3222493ECC00F51E90 /* UIViewExt.swift */ = {isa = PBXFileReference; lastKnownFileType = sourcecode.swift; path = UIViewExt.swift; sourceTree = "<group>"; };
		43C10E342249462700F51E90 /* UIButtonExt.swift */ = {isa = PBXFileReference; lastKnownFileType = sourcecode.swift; path = UIButtonExt.swift; sourceTree = "<group>"; };
		43C10E3622494AD000F51E90 /* FinishGoalVC.swift */ = {isa = PBXFileReference; lastKnownFileType = sourcecode.swift; path = FinishGoalVC.swift; sourceTree = "<group>"; };
/* End PBXFileReference section */

/* Begin PBXFrameworksBuildPhase section */
		43C10E092249001A00F51E90 /* Frameworks */ = {
			isa = PBXFrameworksBuildPhase;
			buildActionMask = 2147483647;
			files = (
			);
			runOnlyForDeploymentPostprocessing = 0;
		};
/* End PBXFrameworksBuildPhase section */

/* Begin PBXGroup section */
		43C10E032249001A00F51E90 = {
			isa = PBXGroup;
			children = (
				43C10E0E2249001A00F51E90 /* Goal post */,
				43C10E0D2249001A00F51E90 /* Products */,
			);
			sourceTree = "<group>";
		};
		43C10E0D2249001A00F51E90 /* Products */ = {
			isa = PBXGroup;
			children = (
				43C10E0C2249001A00F51E90 /* Goal post.app */,
			);
			name = Products;
			sourceTree = "<group>";
		};
		43C10E0E2249001A00F51E90 /* Goal post */ = {
			isa = PBXGroup;
			children = (
				43C10E272249007D00F51E90 /* Extensions */,
				43C10E262249006C00F51E90 /* Enums */,
				43C10E252249004800F51E90 /* Views */,
				43C10E242249003800F51E90 /* Controllers */,
				43C10E0F2249001A00F51E90 /* AppDelegate.swift */,
				43C10E132249001A00F51E90 /* Main.storyboard */,
				43C10E192249001C00F51E90 /* Assets.xcassets */,
				43C10E1B2249001C00F51E90 /* LaunchScreen.storyboard */,
				43C10E1E2249001C00F51E90 /* Info.plist */,
				43C10E162249001A00F51E90 /* Goal_post.xcdatamodeld */,
			);
			path = "Goal post";
			sourceTree = "<group>";
		};
		43C10E242249003800F51E90 /* Controllers */ = {
			isa = PBXGroup;
			children = (
				43C10E112249001A00F51E90 /* GoalsVC.swift */,
				43C10E2E22491F1400F51E90 /* CreateGoalVC.swift */,
				43C10E3622494AD000F51E90 /* FinishGoalVC.swift */,
			);
			path = Controllers;
			sourceTree = "<group>";
		};
		43C10E252249004800F51E90 /* Views */ = {
			isa = PBXGroup;
			children = (
				43C10E282249094D00F51E90 /* GoalCell.swift */,
			);
			path = Views;
			sourceTree = "<group>";
		};
		43C10E262249006C00F51E90 /* Enums */ = {
			isa = PBXGroup;
			children = (
				43C10E2A224915D500F51E90 /* GoalType.swift */,
			);
			path = Enums;
			sourceTree = "<group>";
		};
		43C10E272249007D00F51E90 /* Extensions */ = {
			isa = PBXGroup;
			children = (
				43C10E302249386F00F51E90 /* UIViewControllerExt.swift */,
				43C10E3222493ECC00F51E90 /* UIViewExt.swift */,
				43C10E342249462700F51E90 /* UIButtonExt.swift */,
			);
			path = Extensions;
			sourceTree = "<group>";
		};
/* End PBXGroup section */

/* Begin PBXNativeTarget section */
		43C10E0B2249001A00F51E90 /* Goal post */ = {
			isa = PBXNativeTarget;
			buildConfigurationList = 43C10E212249001C00F51E90 /* Build configuration list for PBXNativeTarget "Goal post" */;
			buildPhases = (
				43C10E082249001A00F51E90 /* Sources */,
				43C10E092249001A00F51E90 /* Frameworks */,
				43C10E0A2249001A00F51E90 /* Resources */,
			);
			buildRules = (
			);
			dependencies = (
			);
			name = "Goal post";
			productName = "Goal post";
			productReference = 43C10E0C2249001A00F51E90 /* Goal post.app */;
			productType = "com.apple.product-type.application";
		};
/* End PBXNativeTarget section */

/* Begin PBXProject section */
		43C10E042249001A00F51E90 /* Project object */ = {
			isa = PBXProject;
			attributes = {
				LastSwiftUpdateCheck = 1010;
				LastUpgradeCheck = 1010;
				ORGANIZATIONNAME = "Marko Perusko";
				TargetAttributes = {
					43C10E0B2249001A00F51E90 = {
						CreatedOnToolsVersion = 10.1;
					};
				};
			};
			buildConfigurationList = 43C10E072249001A00F51E90 /* Build configuration list for PBXProject "Goal post" */;
			compatibilityVersion = "Xcode 9.3";
			developmentRegion = en;
			hasScannedForEncodings = 0;
			knownRegions = (
				en,
				Base,
			);
			mainGroup = 43C10E032249001A00F51E90;
			productRefGroup = 43C10E0D2249001A00F51E90 /* Products */;
			projectDirPath = "";
			projectRoot = "";
			targets = (
				43C10E0B2249001A00F51E90 /* Goal post */,
			);
		};
/* End PBXProject section */

/* Begin PBXResourcesBuildPhase section */
		43C10E0A2249001A00F51E90 /* Resources */ = {
			isa = PBXResourcesBuildPhase;
			buildActionMask = 2147483647;
			files = (
				43C10E1D2249001C00F51E90 /* LaunchScreen.storyboard in Resources */,
				43C10E1A2249001C00F51E90 /* Assets.xcassets in Resources */,
				43C10E152249001A00F51E90 /* Main.storyboard in Resources */,
			);
			runOnlyForDeploymentPostprocessing = 0;
		};
/* End PBXResourcesBuildPhase section */

/* Begin PBXSourcesBuildPhase section */
		43C10E082249001A00F51E90 /* Sources */ = {
			isa = PBXSourcesBuildPhase;
			buildActionMask = 2147483647;
			files = (
				43C10E292249094D00F51E90 /* GoalCell.swift in Sources */,
				43C10E2F22491F1400F51E90 /* CreateGoalVC.swift in Sources */,
				43C10E2B224915D500F51E90 /* GoalType.swift in Sources */,
				43C10E122249001A00F51E90 /* GoalsVC.swift in Sources */,
				43C10E3322493ECC00F51E90 /* UIViewExt.swift in Sources */,
				43C10E102249001A00F51E90 /* AppDelegate.swift in Sources */,
				43C10E312249386F00F51E90 /* UIViewControllerExt.swift in Sources */,
				43C10E352249462700F51E90 /* UIButtonExt.swift in Sources */,
				43C10E3722494AD000F51E90 /* FinishGoalVC.swift in Sources */,
				43C10E182249001A00F51E90 /* Goal_post.xcdatamodeld in Sources */,
			);
			runOnlyForDeploymentPostprocessing = 0;
		};
/* End PBXSourcesBuildPhase section */

/* Begin PBXVariantGroup section */
		43C10E132249001A00F51E90 /* Main.storyboard */ = {
			isa = PBXVariantGroup;
			children = (
				43C10E142249001A00F51E90 /* Base */,
			);
			name = Main.storyboard;
			sourceTree = "<group>";
		};
		43C10E1B2249001C00F51E90 /* LaunchScreen.storyboard */ = {
			isa = PBXVariantGroup;
			children = (
				43C10E1C2249001C00F51E90 /* Base */,
			);
			name = LaunchScreen.storyboard;
			sourceTree = "<group>";
		};
/* End PBXVariantGroup section */

/* Begin XCBuildConfiguration section */
		43C10E1F2249001C00F51E90 /* Debug */ = {
			isa = XCBuildConfiguration;
			buildSettings = {
				ALWAYS_SEARCH_USER_PATHS = NO;
				CLANG_ANALYZER_NONNULL = YES;
				CLANG_ANALYZER_NUMBER_OBJECT_CONVERSION = YES_AGGRESSIVE;
				CLANG_CXX_LANGUAGE_STANDARD = "gnu++14";
				CLANG_CXX_LIBRARY = "libc++";
				CLANG_ENABLE_MODULES = YES;
				CLANG_ENABLE_OBJC_ARC = YES;
				CLANG_ENABLE_OBJC_WEAK = YES;
				CLANG_WARN_BLOCK_CAPTURE_AUTORELEASING = YES;
				CLANG_WARN_BOOL_CONVERSION = YES;
				CLANG_WARN_COMMA = YES;
				CLANG_WARN_CONSTANT_CONVERSION = YES;
				CLANG_WARN_DEPRECATED_OBJC_IMPLEMENTATIONS = YES;
				CLANG_WARN_DIRECT_OBJC_ISA_USAGE = YES_ERROR;
				CLANG_WARN_DOCUMENTATION_COMMENTS = YES;
				CLANG_WARN_EMPTY_BODY = YES;
				CLANG_WARN_ENUM_CONVERSION = YES;
				CLANG_WARN_INFINITE_RECURSION = YES;
				CLANG_WARN_INT_CONVERSION = YES;
				CLANG_WARN_NON_LITERAL_NULL_CONVERSION = YES;
				CLANG_WARN_OBJC_IMPLICIT_RETAIN_SELF = YES;
				CLANG_WARN_OBJC_LITERAL_CONVERSION = YES;
				CLANG_WARN_OBJC_ROOT_CLASS = YES_ERROR;
				CLANG_WARN_RANGE_LOOP_ANALYSIS = YES;
				CLANG_WARN_STRICT_PROTOTYPES = YES;
				CLANG_WARN_SUSPICIOUS_MOVE = YES;
				CLANG_WARN_UNGUARDED_AVAILABILITY = YES_AGGRESSIVE;
				CLANG_WARN_UNREACHABLE_CODE = YES;
				CLANG_WARN__DUPLICATE_METHOD_MATCH = YES;
				CODE_SIGN_IDENTITY = "iPhone Developer";
				COPY_PHASE_STRIP = NO;
				DEBUG_INFORMATION_FORMAT = dwarf;
				ENABLE_STRICT_OBJC_MSGSEND = YES;
				ENABLE_TESTABILITY = YES;
				GCC_C_LANGUAGE_STANDARD = gnu11;
				GCC_DYNAMIC_NO_PIC = NO;
				GCC_NO_COMMON_BLOCKS = YES;
				GCC_OPTIMIZATION_LEVEL = 0;
				GCC_PREPROCESSOR_DEFINITIONS = (
					"DEBUG=1",
					"$(inherited)",
				);
				GCC_WARN_64_TO_32_BIT_CONVERSION = YES;
				GCC_WARN_ABOUT_RETURN_TYPE = YES_ERROR;
				GCC_WARN_UNDECLARED_SELECTOR = YES;
				GCC_WARN_UNINITIALIZED_AUTOS = YES_AGGRESSIVE;
				GCC_WARN_UNUSED_FUNCTION = YES;
				GCC_WARN_UNUSED_VARIABLE = YES;
				IPHONEOS_DEPLOYMENT_TARGET = 12.1;
				MTL_ENABLE_DEBUG_INFO = INCLUDE_SOURCE;
				MTL_FAST_MATH = YES;
				ONLY_ACTIVE_ARCH = YES;
				SDKROOT = iphoneos;
				SWIFT_ACTIVE_COMPILATION_CONDITIONS = DEBUG;
				SWIFT_OPTIMIZATION_LEVEL = "-Onone";
			};
			name = Debug;
		};
		43C10E202249001C00F51E90 /* Release */ = {
			isa = XCBuildConfiguration;
			buildSettings = {
				ALWAYS_SEARCH_USER_PATHS = NO;
				CLANG_ANALYZER_NONNULL = YES;
				CLANG_ANALYZER_NUMBER_OBJECT_CONVERSION = YES_AGGRESSIVE;
				CLANG_CXX_LANGUAGE_STANDARD = "gnu++14";
				CLANG_CXX_LIBRARY = "libc++";
				CLANG_ENABLE_MODULES = YES;
				CLANG_ENABLE_OBJC_ARC = YES;
				CLANG_ENABLE_OBJC_WEAK = YES;
				CLANG_WARN_BLOCK_CAPTURE_AUTORELEASING = YES;
				CLANG_WARN_BOOL_CONVERSION = YES;
				CLANG_WARN_COMMA = YES;
				CLANG_WARN_CONSTANT_CONVERSION = YES;
				CLANG_WARN_DEPRECATED_OBJC_IMPLEMENTATIONS = YES;
				CLANG_WARN_DIRECT_OBJC_ISA_USAGE = YES_ERROR;
				CLANG_WARN_DOCUMENTATION_COMMENTS = YES;
				CLANG_WARN_EMPTY_BODY = YES;
				CLANG_WARN_ENUM_CONVERSION = YES;
				CLANG_WARN_INFINITE_RECURSION = YES;
				CLANG_WARN_INT_CONVERSION = YES;
				CLANG_WARN_NON_LITERAL_NULL_CONVERSION = YES;
				CLANG_WARN_OBJC_IMPLICIT_RETAIN_SELF = YES;
				CLANG_WARN_OBJC_LITERAL_CONVERSION = YES;
				CLANG_WARN_OBJC_ROOT_CLASS = YES_ERROR;
				CLANG_WARN_RANGE_LOOP_ANALYSIS = YES;
				CLANG_WARN_STRICT_PROTOTYPES = YES;
				CLANG_WARN_SUSPICIOUS_MOVE = YES;
				CLANG_WARN_UNGUARDED_AVAILABILITY = YES_AGGRESSIVE;
				CLANG_WARN_UNREACHABLE_CODE = YES;
				CLANG_WARN__DUPLICATE_METHOD_MATCH = YES;
				CODE_SIGN_IDENTITY = "iPhone Developer";
				COPY_PHASE_STRIP = NO;
				DEBUG_INFORMATION_FORMAT = "dwarf-with-dsym";
				ENABLE_NS_ASSERTIONS = NO;
				ENABLE_STRICT_OBJC_MSGSEND = YES;
				GCC_C_LANGUAGE_STANDARD = gnu11;
				GCC_NO_COMMON_BLOCKS = YES;
				GCC_WARN_64_TO_32_BIT_CONVERSION = YES;
				GCC_WARN_ABOUT_RETURN_TYPE = YES_ERROR;
				GCC_WARN_UNDECLARED_SELECTOR = YES;
				GCC_WARN_UNINITIALIZED_AUTOS = YES_AGGRESSIVE;
				GCC_WARN_UNUSED_FUNCTION = YES;
				GCC_WARN_UNUSED_VARIABLE = YES;
				IPHONEOS_DEPLOYMENT_TARGET = 12.1;
				MTL_ENABLE_DEBUG_INFO = NO;
				MTL_FAST_MATH = YES;
				SDKROOT = iphoneos;
				SWIFT_COMPILATION_MODE = wholemodule;
				SWIFT_OPTIMIZATION_LEVEL = "-O";
				VALIDATE_PRODUCT = YES;
			};
			name = Release;
		};
		43C10E222249001C00F51E90 /* Debug */ = {
			isa = XCBuildConfiguration;
			buildSettings = {
				ASSETCATALOG_COMPILER_APPICON_NAME = AppIcon;
				CODE_SIGN_STYLE = Automatic;
				DEVELOPMENT_TEAM = 559GS8GW48;
				INFOPLIST_FILE = "Goal post/Info.plist";
				LD_RUNPATH_SEARCH_PATHS = (
					"$(inherited)",
					"@executable_path/Frameworks",
				);
				PRODUCT_BUNDLE_IDENTIFIER = "com.markoperusko.Goal-post";
				PRODUCT_NAME = "$(TARGET_NAME)";
				SWIFT_VERSION = 4.2;
				TARGETED_DEVICE_FAMILY = "1,2";
			};
			name = Debug;
		};
		43C10E232249001C00F51E90 /* Release */ = {
			isa = XCBuildConfiguration;
			buildSettings = {
				ASSETCATALOG_COMPILER_APPICON_NAME = AppIcon;
				CODE_SIGN_STYLE = Automatic;
				DEVELOPMENT_TEAM = 559GS8GW48;
				INFOPLIST_FILE = "Goal post/Info.plist";
				LD_RUNPATH_SEARCH_PATHS = (
					"$(inherited)",
					"@executable_path/Frameworks",
				);
				PRODUCT_BUNDLE_IDENTIFIER = "com.markoperusko.Goal-post";
				PRODUCT_NAME = "$(TARGET_NAME)";
				SWIFT_VERSION = 4.2;
				TARGETED_DEVICE_FAMILY = "1,2";
			};
			name = Release;
		};
/* End XCBuildConfiguration section */

/* Begin XCConfigurationList section */
		43C10E072249001A00F51E90 /* Build configuration list for PBXProject "Goal post" */ = {
			isa = XCConfigurationList;
			buildConfigurations = (
				43C10E1F2249001C00F51E90 /* Debug */,
				43C10E202249001C00F51E90 /* Release */,
			);
			defaultConfigurationIsVisible = 0;
			defaultConfigurationName = Release;
		};
		43C10E212249001C00F51E90 /* Build configuration list for PBXNativeTarget "Goal post" */ = {
			isa = XCConfigurationList;
			buildConfigurations = (
				43C10E222249001C00F51E90 /* Debug */,
				43C10E232249001C00F51E90 /* Release */,
			);
			defaultConfigurationIsVisible = 0;
			defaultConfigurationName = Release;
		};
/* End XCConfigurationList section */

/* Begin XCVersionGroup section */
		43C10E162249001A00F51E90 /* Goal_post.xcdatamodeld */ = {
			isa = XCVersionGroup;
			children = (
				43C10E172249001A00F51E90 /* Goal_post.xcdatamodel */,
			);
			currentVersion = 43C10E172249001A00F51E90 /* Goal_post.xcdatamodel */;
			path = Goal_post.xcdatamodeld;
			sourceTree = "<group>";
			versionGroupType = wrapper.xcdatamodel;
		};
/* End XCVersionGroup section */
	};
	rootObject = 43C10E042249001A00F51E90 /* Project object */;
}
